{
	"name": "guide",
	"version": "1.0.0",
	"lockfileVersion": 3,
	"requires": true,
	"packages": {
		"": {
			"name": "guide",
			"version": "1.0.0",
			"license": "ISC",
			"dependencies": {
				"execa": "^9.3.0",
				"template-factory": "^0.1.0"
			}
		},
		"node_modules/@clack/core": {
			"version": "0.3.4",
			"resolved": "https://registry.npmjs.org/@clack/core/-/core-0.3.4.tgz",
			"integrity": "sha512-H4hxZDXgHtWTwV3RAVenqcC4VbJZNegbBjlPvzOzCouXtS2y3sDvlO3IsbrPNWuLWPPlYVYPghQdSF64683Ldw==",
			"dependencies": {
				"picocolors": "^1.0.0",
				"sisteransi": "^1.0.5"
			}
		},
		"node_modules/@clack/prompts": {
			"version": "0.7.0",
			"resolved": "https://registry.npmjs.org/@clack/prompts/-/prompts-0.7.0.tgz",
			"integrity": "sha512-0MhX9/B4iL6Re04jPrttDm+BsP8y6mS7byuv0BvXgdXhbV5PdlsHt55dvNsuBCPZ7xq1oTAOOuotR9NFbQyMSA==",
			"bundleDependencies": [
				"is-unicode-supported"
			],
			"dependencies": {
				"@clack/core": "^0.3.3",
				"is-unicode-supported": "*",
				"picocolors": "^1.0.0",
				"sisteransi": "^1.0.5"
			}
		},
		"node_modules/@clack/prompts/node_modules/is-unicode-supported": {
			"version": "1.3.0",
			"inBundle": true,
			"license": "MIT",
			"engines": {
				"node": ">=12"
			},
			"funding": {
				"url": "https://github.com/sponsors/sindresorhus"
			}
		},
		"node_modules/@sec-ant/readable-stream": {
			"version": "0.4.1",
			"resolved": "https://registry.npmjs.org/@sec-ant/readable-stream/-/readable-stream-0.4.1.tgz",
			"integrity": "sha512-831qok9r2t8AlxLko40y2ebgSDhenenCatLVeW/uBtnHPyhHOvG0C7TvfgecV+wHzIm5KUICgzmVpWS+IMEAeg=="
		},
		"node_modules/@sindresorhus/merge-streams": {
			"version": "4.0.0",
			"resolved": "https://registry.npmjs.org/@sindresorhus/merge-streams/-/merge-streams-4.0.0.tgz",
			"integrity": "sha512-tlqY9xq5ukxTUZBmoOp+m61cqwQD5pHJtFY3Mn8CA8ps6yghLH/Hw8UPdqg4OLmFW3IFlcXnQNmo/dh8HzXYIQ==",
			"engines": {
				"node": ">=18"
			},
			"funding": {
				"url": "https://github.com/sponsors/sindresorhus"
			}
		},
		"node_modules/chalk": {
			"version": "5.3.0",
			"resolved": "https://registry.npmjs.org/chalk/-/chalk-5.3.0.tgz",
			"integrity": "sha512-dLitG79d+GV1Nb/VYcCDFivJeK1hiukt9QjRNVOsUtTy1rR1YJsmpGGTZ3qJos+uw7WmWF4wUwBd9jxjocFC2w==",
			"engines": {
				"node": "^12.17.0 || ^14.13 || >=16.0.0"
			},
			"funding": {
				"url": "https://github.com/chalk/chalk?sponsor=1"
			}
		},
		"node_modules/commander": {
			"version": "12.1.0",
			"resolved": "https://registry.npmjs.org/commander/-/commander-12.1.0.tgz",
			"integrity": "sha512-Vw8qHK3bZM9y/P10u3Vib8o/DdkvA2OtPtZvD871QKjy74Wj1WSKFILMPRPSdUSx5RFK1arlJzEtA4PkFgnbuA==",
			"engines": {
				"node": ">=18"
			}
		},
		"node_modules/cross-spawn": {
			"version": "7.0.3",
			"resolved": "https://registry.npmjs.org/cross-spawn/-/cross-spawn-7.0.3.tgz",
			"integrity": "sha512-iRDPJKUPVEND7dHPO8rkbOnPpyDygcDFtWjpeWNCgy8WP2rXcxXL8TskReQl6OrB2G7+UJrags1q15Fudc7G6w==",
			"dependencies": {
				"path-key": "^3.1.0",
				"shebang-command": "^2.0.0",
				"which": "^2.0.1"
			},
			"engines": {
				"node": ">= 8"
			}
		},
		"node_modules/detect-package-manager": {
			"version": "3.0.2",
			"resolved": "https://registry.npmjs.org/detect-package-manager/-/detect-package-manager-3.0.2.tgz",
			"integrity": "sha512-8JFjJHutStYrfWwzfretQoyNGoZVW1Fsrp4JO9spa7h/fBfwgTMEIy4/LBzRDGsxwVPHU0q+T9YvwLDJoOApLQ==",
			"dependencies": {
				"execa": "^5.1.1"
			},
			"engines": {
				"node": ">=12"
			}
		},
		"node_modules/detect-package-manager/node_modules/execa": {
			"version": "5.1.1",
			"resolved": "https://registry.npmjs.org/execa/-/execa-5.1.1.tgz",
			"integrity": "sha512-8uSpZZocAZRBAPIEINJj3Lo9HyGitllczc27Eh5YYojjMFMn8yHMDMaUHE2Jqfq05D/wucwI4JGURyXt1vchyg==",
			"dependencies": {
				"cross-spawn": "^7.0.3",
				"get-stream": "^6.0.0",
				"human-signals": "^2.1.0",
				"is-stream": "^2.0.0",
				"merge-stream": "^2.0.0",
				"npm-run-path": "^4.0.1",
				"onetime": "^5.1.2",
				"signal-exit": "^3.0.3",
				"strip-final-newline": "^2.0.0"
			},
			"engines": {
				"node": ">=10"
			},
			"funding": {
				"url": "https://github.com/sindresorhus/execa?sponsor=1"
			}
		},
		"node_modules/detect-package-manager/node_modules/get-stream": {
			"version": "6.0.1",
			"resolved": "https://registry.npmjs.org/get-stream/-/get-stream-6.0.1.tgz",
			"integrity": "sha512-ts6Wi+2j3jQjqi70w5AlN8DFnkSwC+MqmxEzdEALB2qXZYV3X/b1CTfgPLGJNMeAWxdPfU8FO1ms3NUfaHCPYg==",
			"engines": {
				"node": ">=10"
			},
			"funding": {
				"url": "https://github.com/sponsors/sindresorhus"
			}
		},
		"node_modules/detect-package-manager/node_modules/human-signals": {
			"version": "2.1.0",
			"resolved": "https://registry.npmjs.org/human-signals/-/human-signals-2.1.0.tgz",
			"integrity": "sha512-B4FFZ6q/T2jhhksgkbEW3HBvWIfDW85snkQgawt07S7J5QXTk6BkNV+0yAeZrM5QpMAdYlocGoljn0sJ/WQkFw==",
			"engines": {
				"node": ">=10.17.0"
			}
		},
		"node_modules/detect-package-manager/node_modules/is-stream": {
			"version": "2.0.1",
			"resolved": "https://registry.npmjs.org/is-stream/-/is-stream-2.0.1.tgz",
			"integrity": "sha512-hFoiJiTl63nn+kstHGBtewWSKnQLpyb155KHheA1l39uvtO9nWIop1p3udqPcUd/xbF1VLMO4n7OI6p7RbngDg==",
			"engines": {
				"node": ">=8"
			},
			"funding": {
				"url": "https://github.com/sponsors/sindresorhus"
			}
		},
		"node_modules/detect-package-manager/node_modules/npm-run-path": {
			"version": "4.0.1",
			"resolved": "https://registry.npmjs.org/npm-run-path/-/npm-run-path-4.0.1.tgz",
			"integrity": "sha512-S48WzZW777zhNIrn7gxOlISNAqi9ZC/uQFnRdbeIHhZhCA6UqpkOT8T1G7BvfdgP4Er8gF4sUbaS0i7QvIfCWw==",
			"dependencies": {
				"path-key": "^3.0.0"
			},
			"engines": {
				"node": ">=8"
			}
		},
		"node_modules/detect-package-manager/node_modules/signal-exit": {
			"version": "3.0.7",
			"resolved": "https://registry.npmjs.org/signal-exit/-/signal-exit-3.0.7.tgz",
			"integrity": "sha512-wnD2ZE+l+SPC/uoS0vXeE9L1+0wuaMqKlfz9AMUo38JsyLSBWSFcHR1Rri62LZc12vLr1gb3jl7iwQhgwpAbGQ=="
		},
		"node_modules/detect-package-manager/node_modules/strip-final-newline": {
			"version": "2.0.0",
			"resolved": "https://registry.npmjs.org/strip-final-newline/-/strip-final-newline-2.0.0.tgz",
			"integrity": "sha512-BrpvfNAE3dcvq7ll3xVumzjKjZQ5tI1sEUIKr3Uoks0XUl45St3FlatVqef9prk4jRDzhW6WZg+3bk93y6pLjA==",
			"engines": {
				"node": ">=6"
			}
		},
		"node_modules/execa": {
			"version": "9.3.0",
			"resolved": "https://registry.npmjs.org/execa/-/execa-9.3.0.tgz",
			"integrity": "sha512-l6JFbqnHEadBoVAVpN5dl2yCyfX28WoBAGaoQcNmLLSedOxTxcn2Qa83s8I/PA5i56vWru2OHOtrwF7Om2vqlg==",
			"dependencies": {
				"@sindresorhus/merge-streams": "^4.0.0",
				"cross-spawn": "^7.0.3",
				"figures": "^6.1.0",
				"get-stream": "^9.0.0",
				"human-signals": "^7.0.0",
				"is-plain-obj": "^4.1.0",
				"is-stream": "^4.0.1",
				"npm-run-path": "^5.2.0",
				"pretty-ms": "^9.0.0",
				"signal-exit": "^4.1.0",
				"strip-final-newline": "^4.0.0",
				"yoctocolors": "^2.0.0"
			},
			"engines": {
				"node": "^18.19.0 || >=20.5.0"
			},
			"funding": {
				"url": "https://github.com/sindresorhus/execa?sponsor=1"
			}
		},
		"node_modules/figures": {
			"version": "6.1.0",
			"resolved": "https://registry.npmjs.org/figures/-/figures-6.1.0.tgz",
			"integrity": "sha512-d+l3qxjSesT4V7v2fh+QnmFnUWv9lSpjarhShNTgBOfA0ttejbQUAlHLitbjkoRiDulW0OPoQPYIGhIC8ohejg==",
			"dependencies": {
				"is-unicode-supported": "^2.0.0"
			},
			"engines": {
				"node": ">=18"
			},
			"funding": {
				"url": "https://github.com/sponsors/sindresorhus"
			}
		},
		"node_modules/fs-extra": {
			"version": "11.2.0",
			"resolved": "https://registry.npmjs.org/fs-extra/-/fs-extra-11.2.0.tgz",
			"integrity": "sha512-PmDi3uwK5nFuXh7XDTlVnS17xJS7vW36is2+w3xcv8SVxiB4NyATf4ctkVY5bkSjX0Y4nbvZCq1/EjtEyr9ktw==",
			"dependencies": {
				"graceful-fs": "^4.2.0",
				"jsonfile": "^6.0.1",
				"universalify": "^2.0.0"
			},
			"engines": {
				"node": ">=14.14"
			}
		},
		"node_modules/get-stream": {
			"version": "9.0.1",
			"resolved": "https://registry.npmjs.org/get-stream/-/get-stream-9.0.1.tgz",
			"integrity": "sha512-kVCxPF3vQM/N0B1PmoqVUqgHP+EeVjmZSQn+1oCRPxd2P21P2F19lIgbR3HBosbB1PUhOAoctJnfEn2GbN2eZA==",
			"dependencies": {
				"@sec-ant/readable-stream": "^0.4.1",
				"is-stream": "^4.0.1"
			},
			"engines": {
				"node": ">=18"
			},
			"funding": {
				"url": "https://github.com/sponsors/sindresorhus"
			}
		},
		"node_modules/graceful-fs": {
			"version": "4.2.11",
			"resolved": "https://registry.npmjs.org/graceful-fs/-/graceful-fs-4.2.11.tgz",
			"integrity": "sha512-RbJ5/jmFcNNCcDV5o9eTnBLJ/HszWV0P73bc+Ff4nS/rJj+YaS6IGyiOL0VoBYX+l1Wrl3k63h/KrH+nhJ0XvQ=="
		},
		"node_modules/human-signals": {
			"version": "7.0.0",
			"resolved": "https://registry.npmjs.org/human-signals/-/human-signals-7.0.0.tgz",
			"integrity": "sha512-74kytxOUSvNbjrT9KisAbaTZ/eJwD/LrbM/kh5j0IhPuJzwuA19dWvniFGwBzN9rVjg+O/e+F310PjObDXS+9Q==",
			"engines": {
				"node": ">=18.18.0"
			}
		},
		"node_modules/ignore": {
			"version": "5.3.1",
			"resolved": "https://registry.npmjs.org/ignore/-/ignore-5.3.1.tgz",
			"integrity": "sha512-5Fytz/IraMjqpwfd34ke28PTVMjZjJG2MPn5t7OE4eUCUNf8BAa7b5WUS9/Qvr6mwOQS7Mk6vdsMno5he+T8Xw==",
			"engines": {
				"node": ">= 4"
			}
		},
		"node_modules/is-plain-obj": {
			"version": "4.1.0",
			"resolved": "https://registry.npmjs.org/is-plain-obj/-/is-plain-obj-4.1.0.tgz",
			"integrity": "sha512-+Pgi+vMuUNkJyExiMBt5IlFoMyKnr5zhJ4Uspz58WOhBF5QoIZkFyNHIbBAtHwzVAgk5RtndVNsDRN61/mmDqg==",
			"engines": {
				"node": ">=12"
			},
			"funding": {
				"url": "https://github.com/sponsors/sindresorhus"
			}
		},
		"node_modules/is-stream": {
			"version": "4.0.1",
			"resolved": "https://registry.npmjs.org/is-stream/-/is-stream-4.0.1.tgz",
			"integrity": "sha512-Dnz92NInDqYckGEUJv689RbRiTSEHCQ7wOVeALbkOz999YpqT46yMRIGtSNl2iCL1waAZSx40+h59NV/EwzV/A==",
			"engines": {
				"node": ">=18"
			},
			"funding": {
				"url": "https://github.com/sponsors/sindresorhus"
			}
		},
		"node_modules/is-unicode-supported": {
			"version": "2.0.0",
			"resolved": "https://registry.npmjs.org/is-unicode-supported/-/is-unicode-supported-2.0.0.tgz",
			"integrity": "sha512-FRdAyx5lusK1iHG0TWpVtk9+1i+GjrzRffhDg4ovQ7mcidMQ6mj+MhKPmvh7Xwyv5gIS06ns49CA7Sqg7lC22Q==",
			"engines": {
				"node": ">=18"
			},
			"funding": {
				"url": "https://github.com/sponsors/sindresorhus"
			}
		},
		"node_modules/isexe": {
			"version": "2.0.0",
			"resolved": "https://registry.npmjs.org/isexe/-/isexe-2.0.0.tgz",
			"integrity": "sha512-RHxMLp9lnKHGHRng9QFhRCMbYAcVpn69smSGcq3f36xjgVVWThj4qqLbTLlq7Ssj8B+fIQ1EuCEGI2lKsyQeIw=="
		},
		"node_modules/jsonfile": {
			"version": "6.1.0",
			"resolved": "https://registry.npmjs.org/jsonfile/-/jsonfile-6.1.0.tgz",
			"integrity": "sha512-5dgndWOriYSm5cnYaJNhalLNDKOqFwyDB/rr1E9ZsGciGvKPs8R2xYGCacuf3z6K1YKDz182fd+fY3cn3pMqXQ==",
			"dependencies": {
				"universalify": "^2.0.0"
			},
			"optionalDependencies": {
				"graceful-fs": "^4.1.6"
			}
		},
		"node_modules/merge-stream": {
			"version": "2.0.0",
			"resolved": "https://registry.npmjs.org/merge-stream/-/merge-stream-2.0.0.tgz",
			"integrity": "sha512-abv/qOcuPfk3URPfDzmZU1LKmuw8kT+0nIHvKrKgFrwifol/doWcdA4ZqsWQ8ENrFKkd67Mfpo/LovbIUsbt3w=="
		},
		"node_modules/mimic-fn": {
			"version": "2.1.0",
			"resolved": "https://registry.npmjs.org/mimic-fn/-/mimic-fn-2.1.0.tgz",
			"integrity": "sha512-OqbOk5oEQeAZ8WXWydlu9HJjz9WVdEIvamMCcXmuqUYjTknH/sqsWvhQ3vgwKFRR1HpjvNBKQ37nbJgYzGqGcg==",
			"engines": {
				"node": ">=6"
			}
		},
		"node_modules/npm-run-path": {
			"version": "5.3.0",
			"resolved": "https://registry.npmjs.org/npm-run-path/-/npm-run-path-5.3.0.tgz",
			"integrity": "sha512-ppwTtiJZq0O/ai0z7yfudtBpWIoxM8yE6nHi1X47eFR2EWORqfbu6CnPlNsjeN683eT0qG6H/Pyf9fCcvjnnnQ==",
			"dependencies": {
				"path-key": "^4.0.0"
			},
			"engines": {
				"node": "^12.20.0 || ^14.13.1 || >=16.0.0"
			},
			"funding": {
				"url": "https://github.com/sponsors/sindresorhus"
			}
		},
		"node_modules/npm-run-path/node_modules/path-key": {
			"version": "4.0.0",
			"resolved": "https://registry.npmjs.org/path-key/-/path-key-4.0.0.tgz",
			"integrity": "sha512-haREypq7xkM7ErfgIyA0z+Bj4AGKlMSdlQE2jvJo6huWD1EdkKYV+G/T4nq0YEF2vgTT8kqMFKo1uHn950r4SQ==",
			"engines": {
				"node": ">=12"
			},
			"funding": {
				"url": "https://github.com/sponsors/sindresorhus"
			}
		},
		"node_modules/onetime": {
			"version": "5.1.2",
			"resolved": "https://registry.npmjs.org/onetime/-/onetime-5.1.2.tgz",
			"integrity": "sha512-kbpaSSGJTWdAY5KPVeMOKXSrPtr8C8C7wodJbcsd51jRnmD+GZu8Y0VoU6Dm5Z4vWr0Ig/1NKuWRKf7j5aaYSg==",
			"dependencies": {
				"mimic-fn": "^2.1.0"
			},
			"engines": {
				"node": ">=6"
			},
			"funding": {
				"url": "https://github.com/sponsors/sindresorhus"
			}
		},
		"node_modules/parse-ms": {
			"version": "4.0.0",
			"resolved": "https://registry.npmjs.org/parse-ms/-/parse-ms-4.0.0.tgz",
			"integrity": "sha512-TXfryirbmq34y8QBwgqCVLi+8oA3oWx2eAnSn62ITyEhEYaWRlVZ2DvMM9eZbMs/RfxPu/PK/aBLyGj4IrqMHw==",
			"engines": {
				"node": ">=18"
			},
			"funding": {
				"url": "https://github.com/sponsors/sindresorhus"
			}
		},
		"node_modules/path-key": {
			"version": "3.1.1",
			"resolved": "https://registry.npmjs.org/path-key/-/path-key-3.1.1.tgz",
			"integrity": "sha512-ojmeN0qd+y0jszEtoY48r0Peq5dwMEkIlCOu6Q5f41lfkswXuKtYrhgoTpLnyIcHm24Uhqx+5Tqm2InSwLhE6Q==",
			"engines": {
				"node": ">=8"
			}
		},
		"node_modules/picocolors": {
			"version": "1.0.1",
			"resolved": "https://registry.npmjs.org/picocolors/-/picocolors-1.0.1.tgz",
			"integrity": "sha512-anP1Z8qwhkbmu7MFP5iTt+wQKXgwzf7zTyGlcdzabySa9vd0Xt392U0rVmz9poOaBj0uHJKyyo9/upk0HrEQew=="
		},
		"node_modules/pretty-ms": {
			"version": "9.0.0",
			"resolved": "https://registry.npmjs.org/pretty-ms/-/pretty-ms-9.0.0.tgz",
			"integrity": "sha512-E9e9HJ9R9NasGOgPaPE8VMeiPKAyWR5jcFpNnwIejslIhWqdqOrb2wShBsncMPUb+BcCd2OPYfh7p2W6oemTng==",
			"dependencies": {
				"parse-ms": "^4.0.0"
			},
			"engines": {
				"node": ">=18"
			},
			"funding": {
				"url": "https://github.com/sponsors/sindresorhus"
			}
		},
		"node_modules/shebang-command": {
			"version": "2.0.0",
			"resolved": "https://registry.npmjs.org/shebang-command/-/shebang-command-2.0.0.tgz",
			"integrity": "sha512-kHxr2zZpYtdmrN1qDjrrX/Z1rR1kG8Dx+gkpK1G4eXmvXswmcE1hTWBWYUzlraYw1/yZp6YuDY77YtvbN0dmDA==",
			"dependencies": {
				"shebang-regex": "^3.0.0"
			},
			"engines": {
				"node": ">=8"
			}
		},
		"node_modules/shebang-regex": {
			"version": "3.0.0",
			"resolved": "https://registry.npmjs.org/shebang-regex/-/shebang-regex-3.0.0.tgz",
			"integrity": "sha512-7++dFhtcx3353uBaq8DDR4NuxBetBzC7ZQOhmTQInHEd6bSrXdiEyzCvG07Z44UYdLShWUyXt5M/yhz8ekcb1A==",
			"engines": {
				"node": ">=8"
			}
		},
		"node_modules/signal-exit": {
			"version": "4.1.0",
			"resolved": "https://registry.npmjs.org/signal-exit/-/signal-exit-4.1.0.tgz",
			"integrity": "sha512-bzyZ1e88w9O1iNJbKnOlvYTrWPDl46O1bG0D3XInv+9tkPrxrN8jUUTiFlDkkmKWgn1M6CfIA13SuGqOa9Korw==",
			"engines": {
				"node": ">=14"
			},
			"funding": {
				"url": "https://github.com/sponsors/isaacs"
			}
		},
		"node_modules/sisteransi": {
			"version": "1.0.5",
			"resolved": "https://registry.npmjs.org/sisteransi/-/sisteransi-1.0.5.tgz",
			"integrity": "sha512-bLGGlR1QxBcynn2d5YmDX4MGjlZvy2MRBDRNHLJ8VI6l6+9FUiyTFNJ0IveOSP0bcXgVDPRcfGqA0pjaqUpfVg=="
		},
		"node_modules/strip-final-newline": {
			"version": "4.0.0",
			"resolved": "https://registry.npmjs.org/strip-final-newline/-/strip-final-newline-4.0.0.tgz",
			"integrity": "sha512-aulFJcD6YK8V1G7iRB5tigAP4TsHBZZrOV8pjV++zdUwmeV8uzbY7yn6h9MswN62adStNZFuCIx4haBnRuMDaw==",
			"engines": {
				"node": ">=18"
			},
			"funding": {
				"url": "https://github.com/sponsors/sindresorhus"
			}
		},
		"node_modules/template-factory": {
			"version": "0.1.0",
			"resolved": "https://registry.npmjs.org/template-factory/-/template-factory-0.1.0.tgz",
			"integrity": "sha512-3OKV0s1pRRWZEDJgkc9B3jW6VtF7wDjUIQ+kVobMq3PDHzOkriJqahW9C1FJcvkui/ClewgHYl5mJIVXC4IsvQ==",
			"dependencies": {
				"@clack/prompts": "^0.7.0",
				"chalk": "^5.3.0",
				"commander": "^12.1.0",
				"detect-package-manager": "^3.0.2",
				"execa": "^9.3.0",
				"fs-extra": "^11.2.0",
				"ignore": "^5.3.1"
			}
		},
		"node_modules/universalify": {
			"version": "2.0.1",
			"resolved": "https://registry.npmjs.org/universalify/-/universalify-2.0.1.tgz",
			"integrity": "sha512-gptHNQghINnc/vTGIk0SOFGFNXw7JVrlRUtConJRlvaw6DuX0wO5Jeko9sWrMBhh+PsYAZ7oXAiOnf/UKogyiw==",
			"engines": {
				"node": ">= 10.0.0"
			}
		},
		"node_modules/which": {
			"version": "2.0.2",
			"resolved": "https://registry.npmjs.org/which/-/which-2.0.2.tgz",
			"integrity": "sha512-BLI3Tl1TW3Pvl70l3yq3Y64i+awpwXqsGBYWkkqMtnbXgrMD+yj7rhW0kuEDxzJaYXGjEW5ogapKNMEKNMjibA==",
			"dependencies": {
				"isexe": "^2.0.0"
			},
			"bin": {
				"node-which": "bin/node-which"
			},
			"engines": {
				"node": ">= 8"
			}
		},
		"node_modules/yoctocolors": {
			"version": "2.1.1",
			"resolved": "https://registry.npmjs.org/yoctocolors/-/yoctocolors-2.1.1.tgz",
			"integrity": "sha512-GQHQqAopRhwU8Kt1DDM8NjibDXHC8eoh1erhGAJPEyveY9qqVeXvVikNKrDz69sHowPMorbPUrH/mx8c50eiBQ==",
			"engines": {
				"node": ">=18"
			},
			"funding": {
				"url": "https://github.com/sponsors/sindresorhus"
			}
		}
	}
}
